
Microsoft Visual Studio Solution File, Format Version 12.00
# Visual Studio 2013
VisualStudioVersion = 12.0.31101.0
MinimumVisualStudioVersion = 10.0.40219.1
Project("{FAE04EC0-301F-11D3-BF4B-00C04F79EFBC}") = "Q322CoinChange_DP", "322CoinChange\Q322CoinChange_DP.csproj", "{A46455FC-BB23-4912-B1F7-CFA05321C0DF}"
EndProject
Project("{FAE04EC0-301F-11D3-BF4B-00C04F79EFBC}") = "Q231PowerOfTwo", "Q231PowerOfTwo\Q231PowerOfTwo.csproj", "{A16BF88C-2B10-4B7C-94DB-467018F6CC27}"
EndProject
Project("{FAE04EC0-301F-11D3-BF4B-00C04F79EFBC}") = "Q326LinkedList", "Q326LinkedList\Q326LinkedList.csproj", "{16B39715-99E8-4798-BB7E-D466A77654BF}"
EndProject
Project("{FAE04EC0-301F-11D3-BF4B-00C04F79EFBC}") = "Q215FindKthLargest", "Q215FindKthLargest\Q215FindKthLargest.csproj", "{F9462C73-FFAC-4B85-955D-C6A2A5BF2562}"
EndProject
Project("{FAE04EC0-301F-11D3-BF4B-00C04F79EFBC}") = "Q279PerfectSquares_DP", "Q279PerfectSquares_DP\Q279PerfectSquares_DP.csproj", "{564BBEA2-8618-459B-B7B7-2AE935DA456F}"
EndProject
Project("{FAE04EC0-301F-11D3-BF4B-00C04F79EFBC}") = "Q235LowestCommonAncesterOfBST", "Q235LowestCommonAncesterOfBST\Q235LowestCommonAncesterOfBST.csproj", "{CE4707A5-97E2-4135-BAC1-6C14CACAD987}"
EndProject
Project("{FAE04EC0-301F-11D3-BF4B-00C04F79EFBC}") = "Q206ReverseLinkedList", "Q206ReverseLinkedList\Q206ReverseLinkedList.csproj", "{2457070E-D968-4B6E-82F2-D44D837D1AD0}"
EndProject
Project("{FAE04EC0-301F-11D3-BF4B-00C04F79EFBC}") = "Q234LowestCommonAncesterOfBT", "Q234LowestCommonAncesterOfBT\Q234LowestCommonAncesterOfBT.csproj", "{322F6BFA-65F6-4DFB-BF78-EBE908287D98}"
EndProject
Project("{FAE04EC0-301F-11D3-BF4B-00C04F79EFBC}") = "TEST", "TEST\TEST.csproj", "{ADEA1BF9-BE16-4FB7-B84D-EA3306BDE08E}"
EndProject
Project("{FAE04EC0-301F-11D3-BF4B-00C04F79EFBC}") = "Q106_107_ConstructBT", "Q106_107_ConstructBT\Q106_107_ConstructBT.csproj", "{1C56DA79-DFC6-475C-A073-59A12DB211F1}"
EndProject
Project("{FAE04EC0-301F-11D3-BF4B-00C04F79EFBC}") = "Q114FlattenBT", "Q114FlattenBT\Q114FlattenBT.csproj", "{716CA8FC-1D78-44CA-B9FB-BF1289AF134F}"
EndProject
Project("{FAE04EC0-301F-11D3-BF4B-00C04F79EFBC}") = "Q92ReverseLinkedListII", "Q92ReverseLinkedListII\Q92ReverseLinkedListII.csproj", "{91172518-9F08-41A5-BEB7-C9FE09BE2D36}"
EndProject
Project("{FAE04EC0-301F-11D3-BF4B-00C04F79EFBC}") = "Q297SeriDeseBT", "Q297SeriDeseBT\Q297SeriDeseBT.csproj", "{60ACE6D8-9181-4BA8-8B16-F68317A6BC3B}"
EndProject
Project("{FAE04EC0-301F-11D3-BF4B-00C04F79EFBC}") = "Q200GraphicAlgo", "Q200GraphicAlgo\Q200GraphicAlgo.csproj", "{108EA3EA-0DCF-45AF-8C69-402F51EE1BFF}"
EndProject
Project("{FAE04EC0-301F-11D3-BF4B-00C04F79EFBC}") = "Q207_210_CourseSche", "Q207_CourseSche\Q207_210_CourseSche.csproj", "{5ABAF609-DF46-4D1D-868B-4090F5F17BDE}"
EndProject
Project("{FAE04EC0-301F-11D3-BF4B-00C04F79EFBC}") = "Q179LargestNo", "Q179LargestNo\Q179LargestNo.csproj", "{EA5D8CD4-AC6A-4CBB-9E1B-59FF62C855FE}"
EndProject
Project("{FAE04EC0-301F-11D3-BF4B-00C04F79EFBC}") = "Q309BestTimeForBuySell", "Q309BestTimeForBuySell\Q309BestTimeForBuySell.csproj", "{EF9F96CD-9505-4B48-BFCE-9DEAC22AACB1}"
EndProject
Project("{FAE04EC0-301F-11D3-BF4B-00C04F79EFBC}") = "Q341_FlatenNestedListIterator", "Q341_FlatenNestedListIterator\Q341_FlatenNestedListIterator.csproj", "{D281AF72-0F28-4CDB-BC00-55FF4182212B}"
EndProject
Project("{FAE04EC0-301F-11D3-BF4B-00C04F79EFBC}") = "Q78_Subset", "Q78_Subset\Q78_Subset.csproj", "{540C0C84-96E2-4FBE-9BDC-D66BCEA5B2FD}"
EndProject
Project("{FAE04EC0-301F-11D3-BF4B-00C04F79EFBC}") = "Q334_IncreasingTriSubSeq", "Q334_IncreasingTriSubSeq\Q334_IncreasingTriSubSeq.csproj", "{0FB8B08F-D02D-4EDE-AA80-867E0ABC5498}"
EndProject
Project("{FAE04EC0-301F-11D3-BF4B-00C04F79EFBC}") = "Q34_SearchForRange", "Q34_SearchForRange\Q34_SearchForRange.csproj", "{71A63A27-313B-4164-B2FE-AF62D6A78ED3}"
EndProject
Project("{FAE04EC0-301F-11D3-BF4B-00C04F79EFBC}") = "Q124_BinaryTreeDFS", "Q124_BinaryTreeDFS\Q124_BinaryTreeDFS.csproj", "{C686D826-AF1B-4687-8C07-AC062A0DA568}"
EndProject
Project("{FAE04EC0-301F-11D3-BF4B-00C04F79EFBC}") = "Q53_MaximunSubArray", "Q53_MaximunSubArray\Q53_MaximunSubArray.csproj", "{750BA542-9C8B-4D2E-AC9D-7E7D43013022}"
EndProject
Project("{FAE04EC0-301F-11D3-BF4B-00C04F79EFBC}") = "Q133_CloneGraph", "Q133_CloneGraph\Q133_CloneGraph.csproj", "{BED62185-F62B-4157-8826-73E9F1667FC0}"
EndProject
Global
	GlobalSection(SolutionConfigurationPlatforms) = preSolution
		Debug|Any CPU = Debug|Any CPU
		Release|Any CPU = Release|Any CPU
	EndGlobalSection
	GlobalSection(ProjectConfigurationPlatforms) = postSolution
		{A46455FC-BB23-4912-B1F7-CFA05321C0DF}.Debug|Any CPU.ActiveCfg = Debug|Any CPU
		{A46455FC-BB23-4912-B1F7-CFA05321C0DF}.Debug|Any CPU.Build.0 = Debug|Any CPU
		{A46455FC-BB23-4912-B1F7-CFA05321C0DF}.Release|Any CPU.ActiveCfg = Release|Any CPU
		{A46455FC-BB23-4912-B1F7-CFA05321C0DF}.Release|Any CPU.Build.0 = Release|Any CPU
		{A16BF88C-2B10-4B7C-94DB-467018F6CC27}.Debug|Any CPU.ActiveCfg = Debug|Any CPU
		{A16BF88C-2B10-4B7C-94DB-467018F6CC27}.Debug|Any CPU.Build.0 = Debug|Any CPU
		{A16BF88C-2B10-4B7C-94DB-467018F6CC27}.Release|Any CPU.ActiveCfg = Release|Any CPU
		{A16BF88C-2B10-4B7C-94DB-467018F6CC27}.Release|Any CPU.Build.0 = Release|Any CPU
		{16B39715-99E8-4798-BB7E-D466A77654BF}.Debug|Any CPU.ActiveCfg = Debug|Any CPU
		{16B39715-99E8-4798-BB7E-D466A77654BF}.Debug|Any CPU.Build.0 = Debug|Any CPU
		{16B39715-99E8-4798-BB7E-D466A77654BF}.Release|Any CPU.ActiveCfg = Release|Any CPU
		{16B39715-99E8-4798-BB7E-D466A77654BF}.Release|Any CPU.Build.0 = Release|Any CPU
		{F9462C73-FFAC-4B85-955D-C6A2A5BF2562}.Debug|Any CPU.ActiveCfg = Debug|Any CPU
		{F9462C73-FFAC-4B85-955D-C6A2A5BF2562}.Debug|Any CPU.Build.0 = Debug|Any CPU
		{F9462C73-FFAC-4B85-955D-C6A2A5BF2562}.Release|Any CPU.ActiveCfg = Release|Any CPU
		{F9462C73-FFAC-4B85-955D-C6A2A5BF2562}.Release|Any CPU.Build.0 = Release|Any CPU
		{564BBEA2-8618-459B-B7B7-2AE935DA456F}.Debug|Any CPU.ActiveCfg = Debug|Any CPU
		{564BBEA2-8618-459B-B7B7-2AE935DA456F}.Debug|Any CPU.Build.0 = Debug|Any CPU
		{564BBEA2-8618-459B-B7B7-2AE935DA456F}.Release|Any CPU.ActiveCfg = Release|Any CPU
		{564BBEA2-8618-459B-B7B7-2AE935DA456F}.Release|Any CPU.Build.0 = Release|Any CPU
		{CE4707A5-97E2-4135-BAC1-6C14CACAD987}.Debug|Any CPU.ActiveCfg = Debug|Any CPU
		{CE4707A5-97E2-4135-BAC1-6C14CACAD987}.Debug|Any CPU.Build.0 = Debug|Any CPU
		{CE4707A5-97E2-4135-BAC1-6C14CACAD987}.Release|Any CPU.ActiveCfg = Release|Any CPU
		{CE4707A5-97E2-4135-BAC1-6C14CACAD987}.Release|Any CPU.Build.0 = Release|Any CPU
		{2457070E-D968-4B6E-82F2-D44D837D1AD0}.Debug|Any CPU.ActiveCfg = Debug|Any CPU
		{2457070E-D968-4B6E-82F2-D44D837D1AD0}.Debug|Any CPU.Build.0 = Debug|Any CPU
		{2457070E-D968-4B6E-82F2-D44D837D1AD0}.Release|Any CPU.ActiveCfg = Release|Any CPU
		{2457070E-D968-4B6E-82F2-D44D837D1AD0}.Release|Any CPU.Build.0 = Release|Any CPU
		{322F6BFA-65F6-4DFB-BF78-EBE908287D98}.Debug|Any CPU.ActiveCfg = Debug|Any CPU
		{322F6BFA-65F6-4DFB-BF78-EBE908287D98}.Debug|Any CPU.Build.0 = Debug|Any CPU
		{322F6BFA-65F6-4DFB-BF78-EBE908287D98}.Release|Any CPU.ActiveCfg = Release|Any CPU
		{322F6BFA-65F6-4DFB-BF78-EBE908287D98}.Release|Any CPU.Build.0 = Release|Any CPU
		{ADEA1BF9-BE16-4FB7-B84D-EA3306BDE08E}.Debug|Any CPU.ActiveCfg = Debug|Any CPU
		{ADEA1BF9-BE16-4FB7-B84D-EA3306BDE08E}.Debug|Any CPU.Build.0 = Debug|Any CPU
		{ADEA1BF9-BE16-4FB7-B84D-EA3306BDE08E}.Release|Any CPU.ActiveCfg = Release|Any CPU
		{ADEA1BF9-BE16-4FB7-B84D-EA3306BDE08E}.Release|Any CPU.Build.0 = Release|Any CPU
		{1C56DA79-DFC6-475C-A073-59A12DB211F1}.Debug|Any CPU.ActiveCfg = Debug|Any CPU
		{1C56DA79-DFC6-475C-A073-59A12DB211F1}.Debug|Any CPU.Build.0 = Debug|Any CPU
		{1C56DA79-DFC6-475C-A073-59A12DB211F1}.Release|Any CPU.ActiveCfg = Release|Any CPU
		{1C56DA79-DFC6-475C-A073-59A12DB211F1}.Release|Any CPU.Build.0 = Release|Any CPU
		{716CA8FC-1D78-44CA-B9FB-BF1289AF134F}.Debug|Any CPU.ActiveCfg = Debug|Any CPU
		{716CA8FC-1D78-44CA-B9FB-BF1289AF134F}.Debug|Any CPU.Build.0 = Debug|Any CPU
		{716CA8FC-1D78-44CA-B9FB-BF1289AF134F}.Release|Any CPU.ActiveCfg = Release|Any CPU
		{716CA8FC-1D78-44CA-B9FB-BF1289AF134F}.Release|Any CPU.Build.0 = Release|Any CPU
		{91172518-9F08-41A5-BEB7-C9FE09BE2D36}.Debug|Any CPU.ActiveCfg = Debug|Any CPU
		{91172518-9F08-41A5-BEB7-C9FE09BE2D36}.Debug|Any CPU.Build.0 = Debug|Any CPU
		{91172518-9F08-41A5-BEB7-C9FE09BE2D36}.Release|Any CPU.ActiveCfg = Release|Any CPU
		{91172518-9F08-41A5-BEB7-C9FE09BE2D36}.Release|Any CPU.Build.0 = Release|Any CPU
		{60ACE6D8-9181-4BA8-8B16-F68317A6BC3B}.Debug|Any CPU.ActiveCfg = Debug|Any CPU
		{60ACE6D8-9181-4BA8-8B16-F68317A6BC3B}.Debug|Any CPU.Build.0 = Debug|Any CPU
		{60ACE6D8-9181-4BA8-8B16-F68317A6BC3B}.Release|Any CPU.ActiveCfg = Release|Any CPU
		{60ACE6D8-9181-4BA8-8B16-F68317A6BC3B}.Release|Any CPU.Build.0 = Release|Any CPU
		{108EA3EA-0DCF-45AF-8C69-402F51EE1BFF}.Debug|Any CPU.ActiveCfg = Debug|Any CPU
		{108EA3EA-0DCF-45AF-8C69-402F51EE1BFF}.Debug|Any CPU.Build.0 = Debug|Any CPU
		{108EA3EA-0DCF-45AF-8C69-402F51EE1BFF}.Release|Any CPU.ActiveCfg = Release|Any CPU
		{108EA3EA-0DCF-45AF-8C69-402F51EE1BFF}.Release|Any CPU.Build.0 = Release|Any CPU
		{5ABAF609-DF46-4D1D-868B-4090F5F17BDE}.Debug|Any CPU.ActiveCfg = Debug|Any CPU
		{5ABAF609-DF46-4D1D-868B-4090F5F17BDE}.Debug|Any CPU.Build.0 = Debug|Any CPU
		{5ABAF609-DF46-4D1D-868B-4090F5F17BDE}.Release|Any CPU.ActiveCfg = Release|Any CPU
		{5ABAF609-DF46-4D1D-868B-4090F5F17BDE}.Release|Any CPU.Build.0 = Release|Any CPU
		{EA5D8CD4-AC6A-4CBB-9E1B-59FF62C855FE}.Debug|Any CPU.ActiveCfg = Debug|Any CPU
		{EA5D8CD4-AC6A-4CBB-9E1B-59FF62C855FE}.Debug|Any CPU.Build.0 = Debug|Any CPU
		{EA5D8CD4-AC6A-4CBB-9E1B-59FF62C855FE}.Release|Any CPU.ActiveCfg = Release|Any CPU
		{EA5D8CD4-AC6A-4CBB-9E1B-59FF62C855FE}.Release|Any CPU.Build.0 = Release|Any CPU
		{EF9F96CD-9505-4B48-BFCE-9DEAC22AACB1}.Debug|Any CPU.ActiveCfg = Debug|Any CPU
		{EF9F96CD-9505-4B48-BFCE-9DEAC22AACB1}.Debug|Any CPU.Build.0 = Debug|Any CPU
		{EF9F96CD-9505-4B48-BFCE-9DEAC22AACB1}.Release|Any CPU.ActiveCfg = Release|Any CPU
		{EF9F96CD-9505-4B48-BFCE-9DEAC22AACB1}.Release|Any CPU.Build.0 = Release|Any CPU
		{D281AF72-0F28-4CDB-BC00-55FF4182212B}.Debug|Any CPU.ActiveCfg = Debug|Any CPU
		{D281AF72-0F28-4CDB-BC00-55FF4182212B}.Debug|Any CPU.Build.0 = Debug|Any CPU
		{D281AF72-0F28-4CDB-BC00-55FF4182212B}.Release|Any CPU.ActiveCfg = Release|Any CPU
		{D281AF72-0F28-4CDB-BC00-55FF4182212B}.Release|Any CPU.Build.0 = Release|Any CPU
		{540C0C84-96E2-4FBE-9BDC-D66BCEA5B2FD}.Debug|Any CPU.ActiveCfg = Debug|Any CPU
		{540C0C84-96E2-4FBE-9BDC-D66BCEA5B2FD}.Debug|Any CPU.Build.0 = Debug|Any CPU
		{540C0C84-96E2-4FBE-9BDC-D66BCEA5B2FD}.Release|Any CPU.ActiveCfg = Release|Any CPU
		{540C0C84-96E2-4FBE-9BDC-D66BCEA5B2FD}.Release|Any CPU.Build.0 = Release|Any CPU
		{0FB8B08F-D02D-4EDE-AA80-867E0ABC5498}.Debug|Any CPU.ActiveCfg = Debug|Any CPU
		{0FB8B08F-D02D-4EDE-AA80-867E0ABC5498}.Debug|Any CPU.Build.0 = Debug|Any CPU
		{0FB8B08F-D02D-4EDE-AA80-867E0ABC5498}.Release|Any CPU.ActiveCfg = Release|Any CPU
		{0FB8B08F-D02D-4EDE-AA80-867E0ABC5498}.Release|Any CPU.Build.0 = Release|Any CPU
		{71A63A27-313B-4164-B2FE-AF62D6A78ED3}.Debug|Any CPU.ActiveCfg = Debug|Any CPU
		{71A63A27-313B-4164-B2FE-AF62D6A78ED3}.Debug|Any CPU.Build.0 = Debug|Any CPU
		{71A63A27-313B-4164-B2FE-AF62D6A78ED3}.Release|Any CPU.ActiveCfg = Release|Any CPU
		{71A63A27-313B-4164-B2FE-AF62D6A78ED3}.Release|Any CPU.Build.0 = Release|Any CPU
		{C686D826-AF1B-4687-8C07-AC062A0DA568}.Debug|Any CPU.ActiveCfg = Debug|Any CPU
		{C686D826-AF1B-4687-8C07-AC062A0DA568}.Debug|Any CPU.Build.0 = Debug|Any CPU
		{C686D826-AF1B-4687-8C07-AC062A0DA568}.Release|Any CPU.ActiveCfg = Release|Any CPU
		{C686D826-AF1B-4687-8C07-AC062A0DA568}.Release|Any CPU.Build.0 = Release|Any CPU
		{750BA542-9C8B-4D2E-AC9D-7E7D43013022}.Debug|Any CPU.ActiveCfg = Debug|Any CPU
		{750BA542-9C8B-4D2E-AC9D-7E7D43013022}.Debug|Any CPU.Build.0 = Debug|Any CPU
		{750BA542-9C8B-4D2E-AC9D-7E7D43013022}.Release|Any CPU.ActiveCfg = Release|Any CPU
		{750BA542-9C8B-4D2E-AC9D-7E7D43013022}.Release|Any CPU.Build.0 = Release|Any CPU
		{BED62185-F62B-4157-8826-73E9F1667FC0}.Debug|Any CPU.ActiveCfg = Debug|Any CPU
		{BED62185-F62B-4157-8826-73E9F1667FC0}.Debug|Any CPU.Build.0 = Debug|Any CPU
		{BED62185-F62B-4157-8826-73E9F1667FC0}.Release|Any CPU.ActiveCfg = Release|Any CPU
		{BED62185-F62B-4157-8826-73E9F1667FC0}.Release|Any CPU.Build.0 = Release|Any CPU
	EndGlobalSection
	GlobalSection(SolutionProperties) = preSolution
		HideSolutionNode = FALSE
	EndGlobalSection
EndGlobal
